lockfileVersion: 5.3

specifiers:
  prisma: 2.30.0

dependencies:
  prisma: 2.30.0

packages:

  /@prisma/engines/2.30.0-28.60b19f4a1de4fe95741da371b4c44a92f4d1adcb:
    resolution: {integrity: sha512-LPKq88lIbYezvX0OOc1PU42hHdTsSMPJWmK8lusaHK7DaLHyXjDp/551LbsVapypbjW6N3Jx/If6GoMDASSMSw==}
    requiresBuild: true
    dev: false

  /prisma/2.30.0:
    resolution: {integrity: sha512-2XYpSibcVpMd1JDxYypGDU/JKq0W2f/HI1itdddr4Pfg+q6qxt/ItWKcftv4/lqN6u/BVlQ2gDzXVEjpHeO5kQ==}
    engines: {node: '>=12.2'}
    hasBin: true
    requiresBuild: true
    dependencies:
      '@prisma/engines': 2.30.0-28.60b19f4a1de4fe95741da371b4c44a92f4d1adcb
    dev: false
